// !$*UTF8*$!
{
	archiveVersion = 1;
	classes = {
	};
	objectVersion = 46;
	objects = {

/* Begin PBXBuildFile section */
		D3835D6B1E4ABFD900A148B5 /* AppDelegate.swift in Sources */ = {isa = PBXBuildFile; fileRef = D3835D6A1E4ABFD900A148B5 /* AppDelegate.swift */; };
		D3835D6D1E4ABFD900A148B5 /* ViewController.swift in Sources */ = {isa = PBXBuildFile; fileRef = D3835D6C1E4ABFD900A148B5 /* ViewController.swift */; };
		D3835D701E4ABFD900A148B5 /* Main.storyboard in Resources */ = {isa = PBXBuildFile; fileRef = D3835D6E1E4ABFD900A148B5 /* Main.storyboard */; };
		D3835D731E4ABFD900A148B5 /* urStore.xcdatamodeld in Sources */ = {isa = PBXBuildFile; fileRef = D3835D711E4ABFD900A148B5 /* urStore.xcdatamodeld */; };
		D3835D751E4ABFD900A148B5 /* Assets.xcassets in Resources */ = {isa = PBXBuildFile; fileRef = D3835D741E4ABFD900A148B5 /* Assets.xcassets */; };
		D3835D781E4ABFD900A148B5 /* LaunchScreen.storyboard in Resources */ = {isa = PBXBuildFile; fileRef = D3835D761E4ABFD900A148B5 /* LaunchScreen.storyboard */; };
		D3835D831E4ABFD900A148B5 /* urStoreTests.swift in Sources */ = {isa = PBXBuildFile; fileRef = D3835D821E4ABFD900A148B5 /* urStoreTests.swift */; };
		D3835D8E1E4ABFD900A148B5 /* urStoreUITests.swift in Sources */ = {isa = PBXBuildFile; fileRef = D3835D8D1E4ABFD900A148B5 /* urStoreUITests.swift */; };
/* End PBXBuildFile section */

/* Begin PBXContainerItemProxy section */
		D3835D7F1E4ABFD900A148B5 /* PBXContainerItemProxy */ = {
			isa = PBXContainerItemProxy;
			containerPortal = D3835D5F1E4ABFD900A148B5 /* Project object */;
			proxyType = 1;
			remoteGlobalIDString = D3835D661E4ABFD900A148B5;
			remoteInfo = urStore;
		};
		D3835D8A1E4ABFD900A148B5 /* PBXContainerItemProxy */ = {
			isa = PBXContainerItemProxy;
			containerPortal = D3835D5F1E4ABFD900A148B5 /* Project object */;
			proxyType = 1;
			remoteGlobalIDString = D3835D661E4ABFD900A148B5;
			remoteInfo = urStore;
		};
/* End PBXContainerItemProxy section */

/* Begin PBXFileReference section */
		D3835D671E4ABFD900A148B5 /* urStore.app */ = {isa = PBXFileReference; explicitFileType = wrapper.application; includeInIndex = 0; path = urStore.app; sourceTree = BUILT_PRODUCTS_DIR; };
		D3835D6A1E4ABFD900A148B5 /* AppDelegate.swift */ = {isa = PBXFileReference; lastKnownFileType = sourcecode.swift; path = AppDelegate.swift; sourceTree = "<group>"; };
		D3835D6C1E4ABFD900A148B5 /* ViewController.swift */ = {isa = PBXFileReference; lastKnownFileType = sourcecode.swift; path = ViewController.swift; sourceTree = "<group>"; };
		D3835D6F1E4ABFD900A148B5 /* Base */ = {isa = PBXFileReference; lastKnownFileType = file.storyboard; name = Base; path = Base.lproj/Main.storyboard; sourceTree = "<group>"; };
		D3835D721E4ABFD900A148B5 /* urStore.xcdatamodel */ = {isa = PBXFileReference; lastKnownFileType = wrapper.xcdatamodel; path = urStore.xcdatamodel; sourceTree = "<group>"; };
		D3835D741E4ABFD900A148B5 /* Assets.xcassets */ = {isa = PBXFileReference; lastKnownFileType = folder.assetcatalog; path = Assets.xcassets; sourceTree = "<group>"; };
		D3835D771E4ABFD900A148B5 /* Base */ = {isa = PBXFileReference; lastKnownFileType = file.storyboard; name = Base; path = Base.lproj/LaunchScreen.storyboard; sourceTree = "<group>"; };
		D3835D791E4ABFD900A148B5 /* Info.plist */ = {isa = PBXFileReference; lastKnownFileType = text.plist.xml; path = Info.plist; sourceTree = "<group>"; };
		D3835D7E1E4ABFD900A148B5 /* urStoreTests.xctest */ = {isa = PBXFileReference; explicitFileType = wrapper.cfbundle; includeInIndex = 0; path = urStoreTests.xctest; sourceTree = BUILT_PRODUCTS_DIR; };
		D3835D821E4ABFD900A148B5 /* urStoreTests.swift */ = {isa = PBXFileReference; lastKnownFileType = sourcecode.swift; path = urStoreTests.swift; sourceTree = "<group>"; };
		D3835D841E4ABFD900A148B5 /* Info.plist */ = {isa = PBXFileReference; lastKnownFileType = text.plist.xml; path = Info.plist; sourceTree = "<group>"; };
		D3835D891E4ABFD900A148B5 /* urStoreUITests.xctest */ = {isa = PBXFileReference; explicitFileType = wrapper.cfbundle; includeInIndex = 0; path = urStoreUITests.xctest; sourceTree = BUILT_PRODUCTS_DIR; };
		D3835D8D1E4ABFD900A148B5 /* urStoreUITests.swift */ = {isa = PBXFileReference; lastKnownFileType = sourcecode.swift; path = urStoreUITests.swift; sourceTree = "<group>"; };
		D3835D8F1E4ABFD900A148B5 /* Info.plist */ = {isa = PBXFileReference; lastKnownFileType = text.plist.xml; path = Info.plist; sourceTree = "<group>"; };
/* End PBXFileReference section */

/* Begin PBXFrameworksBuildPhase section */
		D3835D641E4ABFD900A148B5 /* Frameworks */ = {
			isa = PBXFrameworksBuildPhase;
			buildActionMask = 2147483647;
			files = (
			);
			runOnlyForDeploymentPostprocessing = 0;
		};
		D3835D7B1E4ABFD900A148B5 /* Frameworks */ = {
			isa = PBXFrameworksBuildPhase;
			buildActionMask = 2147483647;
			files = (
			);
			runOnlyForDeploymentPostprocessing = 0;
		};
		D3835D861E4ABFD900A148B5 /* Frameworks */ = {
			isa = PBXFrameworksBuildPhase;
			buildActionMask = 2147483647;
			files = (
			);
			runOnlyForDeploymentPostprocessing = 0;
		};
/* End PBXFrameworksBuildPhase section */

/* Begin PBXGroup section */
		D3835D5E1E4ABFD900A148B5 = {
			isa = PBXGroup;
			children = (
				D3835D691E4ABFD900A148B5 /* urStore */,
				D3835D811E4ABFD900A148B5 /* urStoreTests */,
				D3835D8C1E4ABFD900A148B5 /* urStoreUITests */,
				D3835D681E4ABFD900A148B5 /* Products */,
			);
			sourceTree = "<group>";
		};
		D3835D681E4ABFD900A148B5 /* Products */ = {
			isa = PBXGroup;
			children = (
				D3835D671E4ABFD900A148B5 /* urStore.app */,
				D3835D7E1E4ABFD900A148B5 /* urStoreTests.xctest */,
				D3835D891E4ABFD900A148B5 /* urStoreUITests.xctest */,
			);
			name = Products;
			sourceTree = "<group>";
		};
		D3835D691E4ABFD900A148B5 /* urStore */ = {
			isa = PBXGroup;
			children = (
				D3835D6A1E4ABFD900A148B5 /* AppDelegate.swift */,
				D3835D6C1E4ABFD900A148B5 /* ViewController.swift */,
				D3835D6E1E4ABFD900A148B5 /* Main.storyboard */,
				D3835D741E4ABFD900A148B5 /* Assets.xcassets */,
				D3835D761E4ABFD900A148B5 /* LaunchScreen.storyboard */,
				D3835D791E4ABFD900A148B5 /* Info.plist */,
				D3835D711E4ABFD900A148B5 /* urStore.xcdatamodeld */,
			);
			path = urStore;
			sourceTree = "<group>";
		};
		D3835D811E4ABFD900A148B5 /* urStoreTests */ = {
			isa = PBXGroup;
			children = (
				D3835D821E4ABFD900A148B5 /* urStoreTests.swift */,
				D3835D841E4ABFD900A148B5 /* Info.plist */,
			);
			path = urStoreTests;
			sourceTree = "<group>";
		};
		D3835D8C1E4ABFD900A148B5 /* urStoreUITests */ = {
			isa = PBXGroup;
			children = (
				D3835D8D1E4ABFD900A148B5 /* urStoreUITests.swift */,
				D3835D8F1E4ABFD900A148B5 /* Info.plist */,
			);
			path = urStoreUITests;
			sourceTree = "<group>";
		};
/* End PBXGroup section */

/* Begin PBXNativeTarget section */
		D3835D661E4ABFD900A148B5 /* urStore */ = {
			isa = PBXNativeTarget;
			buildConfigurationList = D3835D921E4ABFD900A148B5 /* Build configuration list for PBXNativeTarget "urStore" */;
			buildPhases = (
				D3835D631E4ABFD900A148B5 /* Sources */,
				D3835D641E4ABFD900A148B5 /* Frameworks */,
				D3835D651E4ABFD900A148B5 /* Resources */,
			);
			buildRules = (
			);
			dependencies = (
			);
			name = urStore;
			productName = urStore;
			productReference = D3835D671E4ABFD900A148B5 /* urStore.app */;
			productType = "com.apple.product-type.application";
		};
		D3835D7D1E4ABFD900A148B5 /* urStoreTests */ = {
			isa = PBXNativeTarget;
			buildConfigurationList = D3835D951E4ABFD900A148B5 /* Build configuration list for PBXNativeTarget "urStoreTests" */;
			buildPhases = (
				D3835D7A1E4ABFD900A148B5 /* Sources */,
				D3835D7B1E4ABFD900A148B5 /* Frameworks */,
				D3835D7C1E4ABFD900A148B5 /* Resources */,
			);
			buildRules = (
			);
			dependencies = (
				D3835D801E4ABFD900A148B5 /* PBXTargetDependency */,
			);
			name = urStoreTests;
			productName = urStoreTests;
			productReference = D3835D7E1E4ABFD900A148B5 /* urStoreTests.xctest */;
			productType = "com.apple.product-type.bundle.unit-test";
		};
		D3835D881E4ABFD900A148B5 /* urStoreUITests */ = {
			isa = PBXNativeTarget;
			buildConfigurationList = D3835D981E4ABFD900A148B5 /* Build configuration list for PBXNativeTarget "urStoreUITests" */;
			buildPhases = (
				D3835D851E4ABFD900A148B5 /* Sources */,
				D3835D861E4ABFD900A148B5 /* Frameworks */,
				D3835D871E4ABFD900A148B5 /* Resources */,
			);
			buildRules = (
			);
			dependencies = (
				D3835D8B1E4ABFD900A148B5 /* PBXTargetDependency */,
			);
			name = urStoreUITests;
			productName = urStoreUITests;
			productReference = D3835D891E4ABFD900A148B5 /* urStoreUITests.xctest */;
			productType = "com.apple.product-type.bundle.ui-testing";
		};
/* End PBXNativeTarget section */

/* Begin PBXProject section */
		D3835D5F1E4ABFD900A148B5 /* Project object */ = {
			isa = PBXProject;
			attributes = {
				LastSwiftUpdateCheck = 0820;
				LastUpgradeCheck = 0820;
				ORGANIZATIONNAME = Abraham;
				TargetAttributes = {
					D3835D661E4ABFD900A148B5 = {
						CreatedOnToolsVersion = 8.2.1;
						DevelopmentTeam = UJDY9YHJ79;
						ProvisioningStyle = Automatic;
					};
					D3835D7D1E4ABFD900A148B5 = {
						CreatedOnToolsVersion = 8.2.1;
						DevelopmentTeam = UJDY9YHJ79;
						ProvisioningStyle = Automatic;
						TestTargetID = D3835D661E4ABFD900A148B5;
					};
					D3835D881E4ABFD900A148B5 = {
						CreatedOnToolsVersion = 8.2.1;
						DevelopmentTeam = UJDY9YHJ79;
						ProvisioningStyle = Automatic;
						TestTargetID = D3835D661E4ABFD900A148B5;
					};
				};
			};
			buildConfigurationList = D3835D621E4ABFD900A148B5 /* Build configuration list for PBXProject "urStore" */;
			compatibilityVersion = "Xcode 3.2";
			developmentRegion = English;
			hasScannedForEncodings = 0;
			knownRegions = (
				en,
				Base,
			);
			mainGroup = D3835D5E1E4ABFD900A148B5;
			productRefGroup = D3835D681E4ABFD900A148B5 /* Products */;
			projectDirPath = "";
			projectRoot = "";
			targets = (
				D3835D661E4ABFD900A148B5 /* urStore */,
				D3835D7D1E4ABFD900A148B5 /* urStoreTests */,
				D3835D881E4ABFD900A148B5 /* urStoreUITests */,
			);
		};
/* End PBXProject section */

/* Begin PBXResourcesBuildPhase section */
		D3835D651E4ABFD900A148B5 /* Resources */ = {
			isa = PBXResourcesBuildPhase;
			buildActionMask = 2147483647;
			files = (
				D3835D781E4ABFD900A148B5 /* LaunchScreen.storyboard in Resources */,
				D3835D751E4ABFD900A148B5 /* Assets.xcassets in Resources */,
				D3835D701E4ABFD900A148B5 /* Main.storyboard in Resources */,
			);
			runOnlyForDeploymentPostprocessing = 0;
		};
		D3835D7C1E4ABFD900A148B5 /* Resources */ = {
			isa = PBXResourcesBuildPhase;
			buildActionMask = 2147483647;
			files = (
			);
			runOnlyForDeploymentPostprocessing = 0;
		};
		D3835D871E4ABFD900A148B5 /* Resources */ = {
			isa = PBXResourcesBuildPhase;
			buildActionMask = 2147483647;
			files = (
			);
			runOnlyForDeploymentPostprocessing = 0;
		};
/* End PBXResourcesBuildPhase section */

/* Begin PBXSourcesBuildPhase section */
		D3835D631E4ABFD900A148B5 /* Sources */ = {
			isa = PBXSourcesBuildPhase;
			buildActionMask = 2147483647;
			files = (
				D3835D731E4ABFD900A148B5 /* urStore.xcdatamodeld in Sources */,
				D3835D6D1E4ABFD900A148B5 /* ViewController.swift in Sources */,
				D3835D6B1E4ABFD900A148B5 /* AppDelegate.swift in Sources */,
			);
			runOnlyForDeploymentPostprocessing = 0;
		};
		D3835D7A1E4ABFD900A148B5 /* Sources */ = {
			isa = PBXSourcesBuildPhase;
			buildActionMask = 2147483647;
			files = (
				D3835D831E4ABFD900A148B5 /* urStoreTests.swift in Sources */,
			);
			runOnlyForDeploymentPostprocessing = 0;
		};
		D3835D851E4ABFD900A148B5 /* Sources */ = {
			isa = PBXSourcesBuildPhase;
			buildActionMask = 2147483647;
			files = (
				D3835D8E1E4ABFD900A148B5 /* urStoreUITests.swift in Sources */,
			);
			runOnlyForDeploymentPostprocessing = 0;
		};
/* End PBXSourcesBuildPhase section */

/* Begin PBXTargetDependency section */
		D3835D801E4ABFD900A148B5 /* PBXTargetDependency */ = {
			isa = PBXTargetDependency;
			target = D3835D661E4ABFD900A148B5 /* urStore */;
			targetProxy = D3835D7F1E4ABFD900A148B5 /* PBXContainerItemProxy */;
		};
		D3835D8B1E4ABFD900A148B5 /* PBXTargetDependency */ = {
			isa = PBXTargetDependency;
			target = D3835D661E4ABFD900A148B5 /* urStore */;
			targetProxy = D3835D8A1E4ABFD900A148B5 /* PBXContainerItemProxy */;
		};
/* End PBXTargetDependency section */

/* Begin PBXVariantGroup section */
		D3835D6E1E4ABFD900A148B5 /* Main.storyboard */ = {
			isa = PBXVariantGroup;
			children = (
				D3835D6F1E4ABFD900A148B5 /* Base */,
			);
			name = Main.storyboard;
			sourceTree = "<group>";
		};
		D3835D761E4ABFD900A148B5 /* LaunchScreen.storyboard */ = {
			isa = PBXVariantGroup;
			children = (
				D3835D771E4ABFD900A148B5 /* Base */,
			);
			name = LaunchScreen.storyboard;
			sourceTree = "<group>";
		};
/* End PBXVariantGroup section */

/* Begin XCBuildConfiguration section */
		D3835D901E4ABFD900A148B5 /* Debug */ = {
			isa = XCBuildConfiguration;
			buildSettings = {
				ALWAYS_SEARCH_USER_PATHS = NO;
				CLANG_ANALYZER_NONNULL = YES;
				CLANG_CXX_LANGUAGE_STANDARD = "gnu++0x";
				CLANG_CXX_LIBRARY = "libc++";
				CLANG_ENABLE_MODULES = YES;
				CLANG_ENABLE_OBJC_ARC = YES;
				CLANG_WARN_BOOL_CONVERSION = YES;
				CLANG_WARN_CONSTANT_CONVERSION = YES;
				CLANG_WARN_DIRECT_OBJC_ISA_USAGE = YES_ERROR;
				CLANG_WARN_DOCUMENTATION_COMMENTS = YES;
				CLANG_WARN_EMPTY_BODY = YES;
				CLANG_WARN_ENUM_CONVERSION = YES;
				CLANG_WARN_INFINITE_RECURSION = YES;
				CLANG_WARN_INT_CONVERSION = YES;
				CLANG_WARN_OBJC_ROOT_CLASS = YES_ERROR;
				CLANG_WARN_SUSPICIOUS_MOVE = YES;
				CLANG_WARN_UNREACHABLE_CODE = YES;
				CLANG_WARN__DUPLICATE_METHOD_MATCH = YES;
				"CODE_SIGN_IDENTITY[sdk=iphoneos*]" = "iPhone Developer";
				COPY_PHASE_STRIP = NO;
				DEBUG_INFORMATION_FORMAT = dwarf;
				ENABLE_STRICT_OBJC_MSGSEND = YES;
				ENABLE_TESTABILITY = YES;
				GCC_C_LANGUAGE_STANDARD = gnu99;
				GCC_DYNAMIC_NO_PIC = NO;
				GCC_NO_COMMON_BLOCKS = YES;
				GCC_OPTIMIZATION_LEVEL = 0;
				GCC_PREPROCESSOR_DEFINITIONS = (
					"DEBUG=1",
					"$(inherited)",
				);
				GCC_WARN_64_TO_32_BIT_CONVERSION = YES;
				GCC_WARN_ABOUT_RETURN_TYPE = YES_ERROR;
				GCC_WARN_UNDECLARED_SELECTOR = YES;
				GCC_WARN_UNINITIALIZED_AUTOS = YES_AGGRESSIVE;
				GCC_WARN_UNUSED_FUNCTION = YES;
				GCC_WARN_UNUSED_VARIABLE = YES;
				IPHONEOS_DEPLOYMENT_TARGET = 10.2;
				MTL_ENABLE_DEBUG_INFO = YES;
				ONLY_ACTIVE_ARCH = YES;
				SDKROOT = iphoneos;
				SWIFT_ACTIVE_COMPILATION_CONDITIONS = DEBUG;
				SWIFT_OPTIMIZATION_LEVEL = "-Onone";
				TARGETED_DEVICE_FAMILY = "1,2";
			};
			name = Debug;
		};
		D3835D911E4ABFD900A148B5 /* Release */ = {
			isa = XCBuildConfiguration;
			buildSettings = {
				ALWAYS_SEARCH_USER_PATHS = NO;
				CLANG_ANALYZER_NONNULL = YES;
				CLANG_CXX_LANGUAGE_STANDARD = "gnu++0x";
				CLANG_CXX_LIBRARY = "libc++";
				CLANG_ENABLE_MODULES = YES;
				CLANG_ENABLE_OBJC_ARC = YES;
				CLANG_WARN_BOOL_CONVERSION = YES;
				CLANG_WARN_CONSTANT_CONVERSION = YES;
				CLANG_WARN_DIRECT_OBJC_ISA_USAGE = YES_ERROR;
				CLANG_WARN_DOCUMENTATION_COMMENTS = YES;
				CLANG_WARN_EMPTY_BODY = YES;
				CLANG_WARN_ENUM_CONVERSION = YES;
				CLANG_WARN_INFINITE_RECURSION = YES;
				CLANG_WARN_INT_CONVERSION = YES;
				CLANG_WARN_OBJC_ROOT_CLASS = YES_ERROR;
				CLANG_WARN_SUSPICIOUS_MOVE = YES;
				CLANG_WARN_UNREACHABLE_CODE = YES;
				CLANG_WARN__DUPLICATE_METHOD_MATCH = YES;
				"CODE_SIGN_IDENTITY[sdk=iphoneos*]" = "iPhone Developer";
				COPY_PHASE_STRIP = NO;
				DEBUG_INFORMATION_FORMAT = "dwarf-with-dsym";
				ENABLE_NS_ASSERTIONS = NO;
				ENABLE_STRICT_OBJC_MSGSEND = YES;
				GCC_C_LANGUAGE_STANDARD = gnu99;
				GCC_NO_COMMON_BLOCKS = YES;
				GCC_WARN_64_TO_32_BIT_CONVERSION = YES;
				GCC_WARN_ABOUT_RETURN_TYPE = YES_ERROR;
				GCC_WARN_UNDECLARED_SELECTOR = YES;
				GCC_WARN_UNINITIALIZED_AUTOS = YES_AGGRESSIVE;
				GCC_WARN_UNUSED_FUNCTION = YES;
				GCC_WARN_UNUSED_VARIABLE = YES;
				IPHONEOS_DEPLOYMENT_TARGET = 10.2;
				MTL_ENABLE_DEBUG_INFO = NO;
				SDKROOT = iphoneos;
				SWIFT_OPTIMIZATION_LEVEL = "-Owholemodule";
				TARGETED_DEVICE_FAMILY = "1,2";
				VALIDATE_PRODUCT = YES;
			};
			name = Release;
		};
		D3835D931E4ABFD900A148B5 /* Debug */ = {
			isa = XCBuildConfiguration;
			buildSettings = {
				ASSETCATALOG_COMPILER_APPICON_NAME = AppIcon;
				DEVELOPMENT_TEAM = UJDY9YHJ79;
				INFOPLIST_FILE = urStore/Info.plist;
				LD_RUNPATH_SEARCH_PATHS = "$(inherited) @executable_path/Frameworks";
				PRODUCT_BUNDLE_IDENTIFIER = Soto.urStore;
				PRODUCT_NAME = "$(TARGET_NAME)";
				SWIFT_VERSION = 3.0;
			};
			name = Debug;
		};
		D3835D941E4ABFD900A148B5 /* Release */ = {
			isa = XCBuildConfiguration;
			buildSettings = {
				ASSETCATALOG_COMPILER_APPICON_NAME = AppIcon;
				DEVELOPMENT_TEAM = UJDY9YHJ79;
				INFOPLIST_FILE = urStore/Info.plist;
				LD_RUNPATH_SEARCH_PATHS = "$(inherited) @executable_path/Frameworks";
				PRODUCT_BUNDLE_IDENTIFIER = Soto.urStore;
				PRODUCT_NAME = "$(TARGET_NAME)";
				SWIFT_VERSION = 3.0;
			};
			name = Release;
		};
		D3835D961E4ABFD900A148B5 /* Debug */ = {
			isa = XCBuildConfiguration;
			buildSettings = {
				ALWAYS_EMBED_SWIFT_STANDARD_LIBRARIES = YES;
				BUNDLE_LOADER = "$(TEST_HOST)";
				DEVELOPMENT_TEAM = UJDY9YHJ79;
				INFOPLIST_FILE = urStoreTests/Info.plist;
				LD_RUNPATH_SEARCH_PATHS = "$(inherited) @executable_path/Frameworks @loader_path/Frameworks";
				PRODUCT_BUNDLE_IDENTIFIER = Soto.urStoreTests;
				PRODUCT_NAME = "$(TARGET_NAME)";
				SWIFT_VERSION = 3.0;
				TEST_HOST = "$(BUILT_PRODUCTS_DIR)/urStore.app/urStore";
			};
			name = Debug;
		};
		D3835D971E4ABFD900A148B5 /* Release */ = {
			isa = XCBuildConfiguration;
			buildSettings = {
				ALWAYS_EMBED_SWIFT_STANDARD_LIBRARIES = YES;
				BUNDLE_LOADER = "$(TEST_HOST)";
				DEVELOPMENT_TEAM = UJDY9YHJ79;
				INFOPLIST_FILE = urStoreTests/Info.plist;
				LD_RUNPATH_SEARCH_PATHS = "$(inherited) @executable_path/Frameworks @loader_path/Frameworks";
				PRODUCT_BUNDLE_IDENTIFIER = Soto.urStoreTests;
				PRODUCT_NAME = "$(TARGET_NAME)";
				SWIFT_VERSION = 3.0;
				TEST_HOST = "$(BUILT_PRODUCTS_DIR)/urStore.app/urStore";
			};
			name = Release;
		};
		D3835D991E4ABFD900A148B5 /* Debug */ = {
			isa = XCBuildConfiguration;
			buildSettings = {
				ALWAYS_EMBED_SWIFT_STANDARD_LIBRARIES = YES;
				DEVELOPMENT_TEAM = UJDY9YHJ79;
				INFOPLIST_FILE = urStoreUITests/Info.plist;
				LD_RUNPATH_SEARCH_PATHS = "$(inherited) @executable_path/Frameworks @loader_path/Frameworks";
				PRODUCT_BUNDLE_IDENTIFIER = Soto.urStoreUITests;
				PRODUCT_NAME = "$(TARGET_NAME)";
				SWIFT_VERSION = 3.0;
				TEST_TARGET_NAME = urStore;
			};
			name = Debug;
		};
		D3835D9A1E4ABFD900A148B5 /* Release */ = {
			isa = XCBuildConfiguration;
			buildSettings = {
				ALWAYS_EMBED_SWIFT_STANDARD_LIBRARIES = YES;
				DEVELOPMENT_TEAM = UJDY9YHJ79;
				INFOPLIST_FILE = urStoreUITests/Info.plist;
				LD_RUNPATH_SEARCH_PATHS = "$(inherited) @executable_path/Frameworks @loader_path/Frameworks";
				PRODUCT_BUNDLE_IDENTIFIER = Soto.urStoreUITests;
				PRODUCT_NAME = "$(TARGET_NAME)";
				SWIFT_VERSION = 3.0;
				TEST_TARGET_NAME = urStore;
			};
			name = Release;
		};
/* End XCBuildConfiguration section */

/* Begin XCConfigurationList section */
		D3835D621E4ABFD900A148B5 /* Build configuration list for PBXProject "urStore" */ = {
			isa = XCConfigurationList;
			buildConfigurations = (
				D3835D901E4ABFD900A148B5 /* Debug */,
				D3835D911E4ABFD900A148B5 /* Release */,
			);
			defaultConfigurationIsVisible = 0;
			defaultConfigurationName = Release;
		};
		D3835D921E4ABFD900A148B5 /* Build configuration list for PBXNativeTarget "urStore" */ = {
			isa = XCConfigurationList;
			buildConfigurations = (
				D3835D931E4ABFD900A148B5 /* Debug */,
				D3835D941E4ABFD900A148B5 /* Release */,
			);
			defaultConfigurationIsVisible = 0;
		};
		D3835D951E4ABFD900A148B5 /* Build configuration list for PBXNativeTarget "urStoreTests" */ = {
			isa = XCConfigurationList;
			buildConfigurations = (
				D3835D961E4ABFD900A148B5 /* Debug */,
				D3835D971E4ABFD900A148B5 /* Release */,
			);
			defaultConfigurationIsVisible = 0;
		};
		D3835D981E4ABFD900A148B5 /* Build configuration list for PBXNativeTarget "urStoreUITests" */ = {
			isa = XCConfigurationList;
			buildConfigurations = (
				D3835D991E4ABFD900A148B5 /* Debug */,
				D3835D9A1E4ABFD900A148B5 /* Release */,
			);
			defaultConfigurationIsVisible = 0;
		};
/* End XCConfigurationList section */

/* Begin XCVersionGroup section */
		D3835D711E4ABFD900A148B5 /* urStore.xcdatamodeld */ = {
			isa = XCVersionGroup;
			children = (
				D3835D721E4ABFD900A148B5 /* urStore.xcdatamodel */,
			);
			currentVersion = D3835D721E4ABFD900A148B5 /* urStore.xcdatamodel */;
			path = urStore.xcdatamodeld;
			sourceTree = "<group>";
			versionGroupType = wrapper.xcdatamodel;
		};
/* End XCVersionGroup section */
	};
	rootObject = D3835D5F1E4ABFD900A148B5 /* Project object */;
}
